
Microsoft Visual Studio Solution File, Format Version 12.00
# Visual Studio 15
VisualStudioVersion = 15.0.28307.438
MinimumVisualStudioVersion = 10.0.40219.1
Project("{FAE04EC0-301F-11D3-BF4B-00C04F79EFBC}") = "FileDataIdLinker", "FileDataIdLinker\FileDataIdLinker.csproj", "{1CF2BBE1-8C7A-47CF-8C8E-F806416DE9B2}"
EndProject
Project("{2150E333-8FDC-42A3-9474-1A3956D46DE8}") = "Solution Items", "Solution Items", "{3BED75B3-1C0C-4928-B1D5-EBFD9446760B}"
	ProjectSection(SolutionItems) = preProject
		.editorconfig = .editorconfig
	EndProjectSection
EndProject
Global
	GlobalSection(SolutionConfigurationPlatforms) = preSolution
		Debug|Any CPU = Debug|Any CPU
		Release|Any CPU = Release|Any CPU
	EndGlobalSection
	GlobalSection(ProjectConfigurationPlatforms) = postSolution
		{1CF2BBE1-8C7A-47CF-8C8E-F806416DE9B2}.Debug|Any CPU.ActiveCfg = Debug|Any CPU
		{1CF2BBE1-8C7A-47CF-8C8E-F806416DE9B2}.Debug|Any CPU.Build.0 = Debug|Any CPU
		{1CF2BBE1-8C7A-47CF-8C8E-F806416DE9B2}.Release|Any CPU.ActiveCfg = Release|Any CPU
		{1CF2BBE1-8C7A-47CF-8C8E-F806416DE9B2}.Release|Any CPU.Build.0 = Release|Any CPU
	EndGlobalSection
	GlobalSection(SolutionProperties) = preSolution
		HideSolutionNode = FALSE
	EndGlobalSection
	GlobalSection(ExtensibilityGlobals) = postSolution
		SolutionGuid = {F6C3BB20-1A9D-4058-95B2-70B2B86D71E6}
	EndGlobalSection
EndGlobal
